
Microsoft Visual Studio Solution File, Format Version 12.00
# Visual Studio Version 17
VisualStudioVersion = 17.7.34003.232
MinimumVisualStudioVersion = 10.0.40219.1
Project("{FAE04EC0-301F-11D3-BF4B-00C04F79EFBC}") = "HelloWorld", "HelloWorld\HelloWorld.csproj", "{6EB885C2-9CAB-41AE-9F6E-4B5790AD73DA}"
EndProject
Global
	GlobalSection(SolutionConfigurationPlatforms) = preSolution
		Debug|Any CPU = Debug|Any CPU
		Release|Any CPU = Release|Any CPU
	EndGlobalSection
	GlobalSection(ProjectConfigurationPlatforms) = postSolution
		{6EB885C2-9CAB-41AE-9F6E-4B5790AD73DA}.Debug|Any CPU.ActiveCfg = Debug|Any CPU
		{6EB885C2-9CAB-41AE-9F6E-4B5790AD73DA}.Debug|Any CPU.Build.0 = Debug|Any CPU
		{6EB885C2-9CAB-41AE-9F6E-4B5790AD73DA}.Release|Any CPU.ActiveCfg = Release|Any CPU
		{6EB885C2-9CAB-41AE-9F6E-4B5790AD73DA}.Release|Any CPU.Build.0 = Release|Any CPU
	EndGlobalSection
	GlobalSection(SolutionProperties) = preSolution
		HideSolutionNode = FALSE
	EndGlobalSection
	GlobalSection(ExtensibilityGlobals) = postSolution
		SolutionGuid = {FAD00B0C-289E-4BE5-8D72-1F1646596385}
	EndGlobalSection
EndGlobal
